{"version":4,"terraform_version":"1.9.1","serial":8,"lineage":"0683f364-85df-337e-e011-4ff9814e6f7f","outputs":{"k8s-cluster-id":{"value":"ocid1.cluster.oc1.iad.aaaaaaaajt5diyihtrra7h6daw3i4d56gcvn6yhkcsnlbzxj4cpxpuhnqova","type":"string"}},"resources":[{"mode":"data","type":"oci_containerengine_cluster_kube_config","name":"k8s_cluster_kube_config","provider":"provider[\"registry.opentofu.org/oracle/oci\"]","instances":[{"schema_version":0,"attributes":{"cluster_id":"ocid1.cluster.oc1.iad.aaaaaaaajt5diyihtrra7h6daw3i4d56gcvn6yhkcsnlbzxj4cpxpuhnqova","content":"---\napiVersion: v1\nkind: \"\"\nclusters:\n- name: cluster-cpxpuhnqova\n  cluster:\n    server: https://143.47.101.218:6443\n    certificate-authority-data: LS0tLS1CRUdJTiBDRVJUSUZJQ0FURS0tLS0tCk1JSURpRENDQW5DZ0F3SUJBZ0lRSmNtQVB6WE5xZ3U1cThjQjBWc1dQREFOQmdrcWhraUc5dzBCQVFzRkFEQmUKTVE4d0RRWURWUVFEREFaTE9ITWdRMEV4Q3pBSkJnTlZCQVlUQWxWVE1ROHdEUVlEVlFRSERBWkJkWE4wYVc0eApEekFOQmdOVkJBb01Cazl5WVdOc1pURU1NQW9HQTFVRUN3d0RUMk5wTVE0d0RBWURWUVFJREFWVVpYaGhjekFlCkZ3MHlOVEEyTWpreE9UUXpNemhhRncwek1EQTJNamt4T1RRek16aGFNRjR4RHpBTkJnTlZCQU1NQmtzNGN5QkQKUVRFTE1Ba0dBMVVFQmhNQ1ZWTXhEekFOQmdOVkJBY01Ca0YxYzNScGJqRVBNQTBHQTFVRUNnd0dUM0poWTJ4bApNUXd3Q2dZRFZRUUxEQU5QWTJreERqQU1CZ05WQkFnTUJWUmxlR0Z6TUlJQklqQU5CZ2txaGtpRzl3MEJBUUVGCkFBT0NBUThBTUlJQkNnS0NBUUVBc2R5dVZMbWVFQ1N1MndjelRRYk13SDl0VTltZ05yYkJHL1hwcW1hQnI5UVMKcjNqUHhJL0lxUzhTNXNPZ05jMW1YdEJiN1NjT3BFVi84NTc1KytMd3Fwcmd5R1kvQjFyM3htRUY1d2JFaERTNApBT3k2YmY4dWtxYXh2TytMRnVwcWJNcXZkaFg1amo4VWNNZEJaR0w1TjNLQXRzUXJ3Vm9idFFpejZRSnZ0bDBaCmo4czIxR3U4K2pWdkdHMncyUW11QVZiUjlGaC9jWHE2T0Y5WUNKY0RXVVVlZ0NjTnFDUkxoSVJWVTB2QkNrQ2cKSVRTS0c5eEl5eGRkVHc1LzhOeHBUK3pIZmZER2pnMisxQnhhZi9UakN6SWs5bHBhQWFmRFVjeVhXYXFxYnpNYgp2L2JxSDRiN0w3VDJXaVJWWGwreXovTlJpUGt1RFlUMkxFVVZZeC91V3dJREFRQUJvMEl3UURBUEJnTlZIUk1CCkFmOEVCVEFEQVFIL01BNEdBMVVkRHdFQi93UUVBd0lCQmpBZEJnTlZIUTRFRmdRVTVkOTM4Q1BXUFNMYVdnVUMKUUxvQzFBaTQzRmt3RFFZSktvWklodmNOQVFFTEJRQURnZ0VCQUVEWUc3alhaVnh0Qm96YUJRY2hPblJ6d2VmQQptNStudjBQWldIUnFGZmkzaWNaL1FrWUlwV042YUpNdG5iMnNZeERpaDV6WVQ1UnFQUTFJalBGRTJuQ2Zhb0ZGCk9PWW16TC9IZ0srWmdybkRJSkNPVmF5dlJEZGNVU0xXSTY3MnVtMm1UOEZaeVNqeUxXQW9BOGlrWm9YRUI0dUgKVDJQT1NaSm90eG81WWM1RFFSaXQxSE5DZ0RqMDYvdUEvRFhoTUo1SWZReVE2c3IrMHJvZTV0cnBPajREaFFFWQpXZ1ZML2xzTDJaQytDRkorYmNVdG9XNzdCNkpxYnhqVHNXRzdudTdpWHBrWXJaZVhkQVlreTNiUEhLYzVqLzh2CnFkWmxTeEpGbWNBdnphN1MwQThDTzlJQWdwbUx1YlAyK3NRYUlNZmZlKzlSYnF4djdKQld5QWJDUktjPQotLS0tLUVORCBDRVJUSUZJQ0FURS0tLS0tCg==\nusers:\n- name: user-cpxpuhnqova\n  user:\n    exec:\n      apiVersion: client.authentication.k8s.io/v1beta1\n      command: oci\n      args:\n      - ce\n      - cluster\n      - generate-token\n      - --cluster-id\n      - ocid1.cluster.oc1.iad.aaaaaaaajt5diyihtrra7h6daw3i4d56gcvn6yhkcsnlbzxj4cpxpuhnqova\n      - --region\n      - us-ashburn-1\n      env: []\ncontexts:\n- name: context-cpxpuhnqova\n  context:\n    cluster: cluster-cpxpuhnqova\n    user: user-cpxpuhnqova\ncurrent-context: context-cpxpuhnqova\n","endpoint":null,"expiration":null,"id":"ContainerengineClusterKubeConfigDataSource-1915493257","token_version":null},"sensitive_attributes":[]}]},{"mode":"managed","type":"local_file","name":"kube_config","provider":"provider[\"registry.opentofu.org/hashicorp/local\"]","instances":[{"schema_version":0,"attributes":{"content":"---\napiVersion: v1\nkind: \"\"\nclusters:\n- name: cluster-cpxpuhnqova\n  cluster:\n    server: https://143.47.101.218:6443\n    certificate-authority-data: LS0tLS1CRUdJTiBDRVJUSUZJQ0FURS0tLS0tCk1JSURpRENDQW5DZ0F3SUJBZ0lRSmNtQVB6WE5xZ3U1cThjQjBWc1dQREFOQmdrcWhraUc5dzBCQVFzRkFEQmUKTVE4d0RRWURWUVFEREFaTE9ITWdRMEV4Q3pBSkJnTlZCQVlUQWxWVE1ROHdEUVlEVlFRSERBWkJkWE4wYVc0eApEekFOQmdOVkJBb01Cazl5WVdOc1pURU1NQW9HQTFVRUN3d0RUMk5wTVE0d0RBWURWUVFJREFWVVpYaGhjekFlCkZ3MHlOVEEyTWpreE9UUXpNemhhRncwek1EQTJNamt4T1RRek16aGFNRjR4RHpBTkJnTlZCQU1NQmtzNGN5QkQKUVRFTE1Ba0dBMVVFQmhNQ1ZWTXhEekFOQmdOVkJBY01Ca0YxYzNScGJqRVBNQTBHQTFVRUNnd0dUM0poWTJ4bApNUXd3Q2dZRFZRUUxEQU5QWTJreERqQU1CZ05WQkFnTUJWUmxlR0Z6TUlJQklqQU5CZ2txaGtpRzl3MEJBUUVGCkFBT0NBUThBTUlJQkNnS0NBUUVBc2R5dVZMbWVFQ1N1MndjelRRYk13SDl0VTltZ05yYkJHL1hwcW1hQnI5UVMKcjNqUHhJL0lxUzhTNXNPZ05jMW1YdEJiN1NjT3BFVi84NTc1KytMd3Fwcmd5R1kvQjFyM3htRUY1d2JFaERTNApBT3k2YmY4dWtxYXh2TytMRnVwcWJNcXZkaFg1amo4VWNNZEJaR0w1TjNLQXRzUXJ3Vm9idFFpejZRSnZ0bDBaCmo4czIxR3U4K2pWdkdHMncyUW11QVZiUjlGaC9jWHE2T0Y5WUNKY0RXVVVlZ0NjTnFDUkxoSVJWVTB2QkNrQ2cKSVRTS0c5eEl5eGRkVHc1LzhOeHBUK3pIZmZER2pnMisxQnhhZi9UakN6SWs5bHBhQWFmRFVjeVhXYXFxYnpNYgp2L2JxSDRiN0w3VDJXaVJWWGwreXovTlJpUGt1RFlUMkxFVVZZeC91V3dJREFRQUJvMEl3UURBUEJnTlZIUk1CCkFmOEVCVEFEQVFIL01BNEdBMVVkRHdFQi93UUVBd0lCQmpBZEJnTlZIUTRFRmdRVTVkOTM4Q1BXUFNMYVdnVUMKUUxvQzFBaTQzRmt3RFFZSktvWklodmNOQVFFTEJRQURnZ0VCQUVEWUc3alhaVnh0Qm96YUJRY2hPblJ6d2VmQQptNStudjBQWldIUnFGZmkzaWNaL1FrWUlwV042YUpNdG5iMnNZeERpaDV6WVQ1UnFQUTFJalBGRTJuQ2Zhb0ZGCk9PWW16TC9IZ0srWmdybkRJSkNPVmF5dlJEZGNVU0xXSTY3MnVtMm1UOEZaeVNqeUxXQW9BOGlrWm9YRUI0dUgKVDJQT1NaSm90eG81WWM1RFFSaXQxSE5DZ0RqMDYvdUEvRFhoTUo1SWZReVE2c3IrMHJvZTV0cnBPajREaFFFWQpXZ1ZML2xzTDJaQytDRkorYmNVdG9XNzdCNkpxYnhqVHNXRzdudTdpWHBrWXJaZVhkQVlreTNiUEhLYzVqLzh2CnFkWmxTeEpGbWNBdnphN1MwQThDTzlJQWdwbUx1YlAyK3NRYUlNZmZlKzlSYnF4djdKQld5QWJDUktjPQotLS0tLUVORCBDRVJUSUZJQ0FURS0tLS0tCg==\nusers:\n- name: user-cpxpuhnqova\n  user:\n    exec:\n      apiVersion: client.authentication.k8s.io/v1beta1\n      command: oci\n      args:\n      - ce\n      - cluster\n      - generate-token\n      - --cluster-id\n      - ocid1.cluster.oc1.iad.aaaaaaaajt5diyihtrra7h6daw3i4d56gcvn6yhkcsnlbzxj4cpxpuhnqova\n      - --region\n      - us-ashburn-1\n      env: []\ncontexts:\n- name: context-cpxpuhnqova\n  context:\n    cluster: cluster-cpxpuhnqova\n    user: user-cpxpuhnqova\ncurrent-context: context-cpxpuhnqova\n","content_base64":null,"content_base64sha256":"mV1EmQRw1UB0vNEqLNzZ9KPEbSO8oiczJfM4ot5kEvg=","content_base64sha512":"mHxzCC68CU8wBuQOsDr/oX5ozle6UOzedG0YaXDf2s/QGj43XQl8I4reNvzw427cp3kgK0gJ3JyIfCOMKYlmyg==","content_md5":"2ba22ea9748d493a8b9c5f17067c900c","content_sha1":"b32df909c4a1cadda5b8d0cbe91add6674ad06d5","content_sha256":"995d44990470d54074bcd12a2cdcd9f4a3c46d23bca2273325f338a2de6412f8","content_sha512":"987c73082ebc094f3006e40eb03affa17e68ce57ba50ecde746d186970dfdacfd01a3e375d097c238ade36fcf0e36edca779202b4809dc9c887c238c298966ca","directory_permission":"0777","file_permission":"400","filename":".kube.config","id":"b32df909c4a1cadda5b8d0cbe91add6674ad06d5","sensitive_content":null,"source":null},"sensitive_attributes":[[{"type":"get_attr","value":"sensitive_content"}]],"dependencies":["data.oci_containerengine_cluster_kube_config.k8s_cluster_kube_config","module.vcn.data.oci_core_services.all_oci_services","module.vcn.oci_core_internet_gateway.ig","module.vcn.oci_core_local_peering_gateway.lpg","module.vcn.oci_core_nat_gateway.nat_gateway","module.vcn.oci_core_route_table.ig","module.vcn.oci_core_route_table.nat","module.vcn.oci_core_service_gateway.service_gateway","module.vcn.oci_core_vcn.vcn","oci_containerengine_cluster.k8s_cluster","oci_containerengine_node_pool.k8s_node_pool","oci_core_security_list.private_subnet_sl","oci_core_security_list.public_subnet_sl","oci_core_subnet.vcn_private_subnet","oci_core_subnet.vcn_public_subnet","oci_core_volume.arm_instance_volume","oci_identity_dynamic_group.k8s_instances","oci_identity_policy.k8s_instance_policy"]}]},{"mode":"managed","type":"oci_containerengine_cluster","name":"k8s_cluster","provider":"provider[\"registry.opentofu.org/oracle/oci\"]","instances":[{"schema_version":0,"attributes":{"available_kubernetes_upgrades":["v1.33.0","v1.33.1"],"cluster_pod_network_options":[{"cni_type":"FLANNEL_OVERLAY"}],"compartment_id":"ocid1.tenancy.oc1..aaaaaaaay6oqdhnshvb6ogypltd6srzsjjxozwzut6t5z3uuc3gpu45h2ysq","defined_tags":{"Oracle-Tags.CreatedBy":"default/steffanoxpereira@gmail.com","Oracle-Tags.CreatedOn":"2025-06-29T19:43:21.218Z"},"endpoint_config":[{"is_public_ip_enabled":true,"nsg_ids":[],"subnet_id":"ocid1.subnet.oc1.iad.aaaaaaaamgeyyssfn4wttoj5tzea3h2t4qmlush6afwfcvsoq2gctrjgw5fa"}],"endpoints":[{"ipv6endpoint":"","kubernetes":"","private_endpoint":"10.0.0.11:6443","public_endpoint":"143.47.101.218:6443","vcn_hostname_endpoint":""}],"freeform_tags":{},"id":"ocid1.cluster.oc1.iad.aaaaaaaajt5diyihtrra7h6daw3i4d56gcvn6yhkcsnlbzxj4cpxpuhnqova","image_policy_config":[{"is_policy_enabled":false,"key_details":[]}],"kms_key_id":null,"kubernetes_version":"v1.32.1","lifecycle_details":null,"metadata":[{"created_by_user_id":"ocid1.user.oc1..aaaaaaaayrdneqysmha2wkciehy43v3l6mutzjjodox6kpvjavcmrw3pycga","created_by_work_request_id":"ocid1.clustersworkrequest.oc1.iad.aaaaaaaa2qshptxfr23i3u2hayra4cdc3mv37fd7hnpe2jvuvwcswqru7dua","deleted_by_user_id":"","deleted_by_work_request_id":"","time_created":"2025-06-29 19:43:21 +0000 UTC","time_credential_expiration":"2030-06-29 19:43:50 +0000 UTC","time_deleted":"","time_updated":"","updated_by_user_id":"","updated_by_work_request_id":""}],"name":"free-k8s-cluster","open_id_connect_discovery_endpoint":null,"open_id_connect_discovery_key":null,"options":[{"add_ons":[{"is_kubernetes_dashboard_enabled":false,"is_tiller_enabled":false}],"admission_controller_options":[{"is_pod_security_policy_enabled":false}],"ip_families":["IPv4"],"kubernetes_network_config":[{"pods_cidr":"10.244.0.0/16","services_cidr":"10.96.0.0/16"}],"open_id_connect_discovery":[],"open_id_connect_token_authentication_config":[],"persistent_volume_config":[{"defined_tags":{},"freeform_tags":{}}],"service_lb_config":[{"defined_tags":{},"freeform_tags":{}}],"service_lb_subnet_ids":["ocid1.subnet.oc1.iad.aaaaaaaamgeyyssfn4wttoj5tzea3h2t4qmlush6afwfcvsoq2gctrjgw5fa"]}],"state":"ACTIVE","timeouts":null,"type":"BASIC_CLUSTER","vcn_id":"ocid1.vcn.oc1.iad.amaaaaaaqmt665ia2mxy6ikjhhzqekxdwuxhig7ydr3gampdsukn7ixritpa"},"sensitive_attributes":[],"private":"eyJlMmJmYjczMC1lY2FhLTExZTYtOGY4OC0zNDM2M2JjN2M0YzAiOnsiY3JlYXRlIjozNjAwMDAwMDAwMDAwLCJkZWxldGUiOjM2MDAwMDAwMDAwMDAsInVwZGF0ZSI6MzYwMDAwMDAwMDAwMH19","dependencies":["module.vcn.oci_core_internet_gateway.ig","module.vcn.oci_core_local_peering_gateway.lpg","module.vcn.oci_core_route_table.ig","module.vcn.oci_core_vcn.vcn","oci_core_security_list.public_subnet_sl","oci_core_subnet.vcn_public_subnet"]}]},{"mode":"managed","type":"oci_containerengine_node_pool","name":"k8s_node_pool","provider":"provider[\"registry.opentofu.org/oracle/oci\"]","instances":[{"index_key":0,"schema_version":0,"attributes":{"cluster_id":"ocid1.cluster.oc1.iad.aaaaaaaajt5diyihtrra7h6daw3i4d56gcvn6yhkcsnlbzxj4cpxpuhnqova","compartment_id":"ocid1.tenancy.oc1..aaaaaaaay6oqdhnshvb6ogypltd6srzsjjxozwzut6t5z3uuc3gpu45h2ysq","defined_tags":{"Oracle-Tags.CreatedBy":"default/steffanoxpereira@gmail.com","Oracle-Tags.CreatedOn":"2025-06-29T20:07:23.620Z"},"freeform_tags":{},"id":"ocid1.nodepool.oc1.iad.aaaaaaaa7rmjtoqjzdlgan7pd2x3lfqyqftxaxc5ngnx2tr2vngc577bja7a","initial_node_labels":[{"key":"name","value":"free-k8s-cluster-pool-0"}],"kubernetes_version":"v1.32.1","lifecycle_details":null,"name":"free-k8s-node-pool-0","node_config_details":[{"defined_tags":{},"freeform_tags":{"type":"k8s"},"is_pv_encryption_in_transit_enabled":false,"kms_key_id":"","node_pool_pod_network_option_details":[{"cni_type":"FLANNEL_OVERLAY","max_pods_per_node":0,"pod_nsg_ids":[],"pod_subnet_ids":[]}],"nsg_ids":[],"placement_configs":[{"availability_domain":"QtNY:US-ASHBURN-AD-1","capacity_reservation_id":"","fault_domains":[],"preemptible_node_config":[],"subnet_id":"ocid1.subnet.oc1.iad.aaaaaaaa4qgw36xewnqhy6smvbpqhjq3eznmqp65ish67mttu7v7bkiwh6zq"}],"size":1}],"node_eviction_node_pool_settings":[],"node_image_id":"ocid1.image.oc1.iad.aaaaaaaa4nm7yrbhjnydbqe2e7loyw2b7bzgoiteqnzfeabagiyauivt4wwa","node_image_name":"Oracle-Linux-8.10-aarch64-2025.05.19-0-OKE-1.32.1-764","node_metadata":{"user_data":"IyEvYmluL2Jhc2gKCmVjaG8gIkNoZWNraW5nIHRvb2xzIgp3aGljaCBvY2kgMj4mMSAxPi9kZXYvbnVsbAppZiBbWyAkPyAtZXEgMSBdXTsgdGhlbgoJZWNobyAiSW5zdGFsbGluZyB0b29scy4uLiIKCWRuZiBpbnN0YWxsIGpxIHB5dGhvbjM2LW9jaS1jbGkgLXlxCmVsc2UKCWVjaG8gIlRvb2xzIGZvdW5kLiIKZmkKCnNldCAtZQoKZXhwb3J0IE9DSV9DTElfQVVUSD1pbnN0YW5jZV9wcmluY2lwYWwKCkRFVj0iL2Rldi9zZGIiCklOU1RBTkNFX09DSUQ9JChjdXJsIC1zIC1IICJBdXRob3JpemF0aW9uOiBCZWFyZXIgT3JhY2xlIiAtTCBodHRwOi8vMTY5LjI1NC4xNjkuMjU0L29wYy92Mi9pbnN0YW5jZS8gfCBqcSAtciAnLmlkJykKQ09NUEFSVE1FTlRfT0NJRD0kKGN1cmwgLXMgLUggIkF1dGhvcml6YXRpb246IEJlYXJlciBPcmFjbGUiIC1MIGh0dHA6Ly8xNjkuMjU0LjE2OS4yNTQvb3BjL3YyL2luc3RhbmNlLyB8IGpxIC1yICcuY29tcGFydG1lbnRJZCcpCkFEPSQoY3VybCAtcyAtSCAiQXV0aG9yaXphdGlvbjogQmVhcmVyIE9yYWNsZSIgLUwgaHR0cDovLzE2OS4yNTQuMTY5LjI1NC9vcGMvdjIvaW5zdGFuY2UvIHwganEgLXIgJy5hdmFpbGFiaWxpdHlEb21haW4nKQoKIyBHZXQgdGhlIE9DSUQgb2YgdGhlIGJsb2NrIHZvbHVtZQpCTE9DS19WT0xVTUVfT0NJRD0kKG9jaSBidiB2b2x1bWUgbGlzdCAtLWNvbXBhcnRtZW50LWlkPSR7Q09NUEFSVE1FTlRfT0NJRH0gLS1saWZlY3ljbGUtc3RhdGUgQVZBSUxBQkxFIC0tYXZhaWxhYmlsaXR5LWRvbWFpbiAke0FEfSB8IGpxIC1yICcuZGF0YVswXS5pZCcpCmlmIFtbICRCTE9DS19WT0xVTUVfT0NJRCA9PSAiIiBdXTsgdGhlbgoJZWNobyAiQ2FuJ3QgZmluZCB2YWxpZCBibG9jayB2b2x1bWUuIEV4aXRpbmcuIgoJZXhpdCAxCmVsc2UKCWVjaG8gIkZvdW5kIGJsb2NrIHZvbHVtZSB0byBtb3VudDogJEJMT0NLX1ZPTFVNRV9PQ0lEIgpmaQoKIyBDaGVjayBpZiB0aGUgdm9sdW1lIGlzIGFscmVhZHkgYXR0YWNoZWQgdG8gdGhlIGluc3RhbmNlCmVjaG8gIkNoZWNraW5nIGN1cnJlbnQgdm9sdW1lIHN0YXRlLi4uIgpBVFRBQ0hFRF9JTlNUQU5DRT0kKG9jaSBjb21wdXRlIHZvbHVtZS1hdHRhY2htZW50IGxpc3QgLS12b2x1bWUtaWQgJEJMT0NLX1ZPTFVNRV9PQ0lEIC0tY29tcGFydG1lbnQtaWQgJENPTVBBUlRNRU5UX09DSUQgfCBqcSAtciAnLmRhdGEgfCBzb3J0X2J5KC4idGltZS1jcmVhdGVkIikgfCBsYXN0IHwgLiJpbnN0YW5jZS1pZCInKQpTVEFURT0kKG9jaSBjb21wdXRlIHZvbHVtZS1hdHRhY2htZW50IGxpc3QgLS12b2x1bWUtaWQgJEJMT0NLX1ZPTFVNRV9PQ0lEIC0tY29tcGFydG1lbnQtaWQgJENPTVBBUlRNRU5UX09DSUQgfCBqcSAtciAnLmRhdGEgfCBzb3J0X2J5KC4idGltZS1jcmVhdGVkIikgfCBsYXN0IHwgLiJsaWZlY3ljbGUtc3RhdGUiJykKaWYgW1sgIiRBVFRBQ0hFRF9JTlNUQU5DRSIgPT0gIiRJTlNUQU5DRV9PQ0lEIiAmJiAiJFNUQVRFIiA9PSAiQVRUQUNIRUQiIF1dOyB0aGVuCgllY2hvICJCbG9jayB2b2x1bWUgaXMgYWxyZWFkeSBhdHRhY2hlZCB0byB0aGUgY3VycmVudCBpbnN0YW5jZSIKZWxpZiBbWyAiJEFUVEFDSEVEX0lOU1RBTkNFIiA9PSAiIiB8fCAiJFNUQVRFIiA9PSAiREVUQUNIRUQiIF1dOyB0aGVuCgkjIFRoZSB2b2x1bWUgaXMgbm90IGF0dGFjaGVkLCBhdHRhY2ggaXQgdG8gdGhlIGluc3RhbmNlCgllY2hvICJCbG9jayB2b2x1bWUgJEJMT0NLX1ZPTFVNRV9PQ0lEIGlzIGluIHN0YXRlICRTVEFURSwgcmVxdWVzdGluZyBhdHRhY2htZW50Li4uIgoJb2NpIGNvbXB1dGUgdm9sdW1lLWF0dGFjaG1lbnQgYXR0YWNoIC0tdm9sdW1lLWlkICRCTE9DS19WT0xVTUVfT0NJRCAtLWluc3RhbmNlLWlkICRJTlNUQU5DRV9PQ0lEIC0tdHlwZSBwYXJhdmlydHVhbGl6ZWQKCgkjIFdhaXQgZm9yIHRoZSBhdHRhY2htZW50IHRvIGNvbXBsZXRlCglBVFRBQ0hfU1RBVFVTPSIiCgl3aGlsZSBbWyAiJEFUVEFDSF9TVEFUVVMiICE9ICJBVFRBQ0hFRCIgXV07IGRvCgkJc2xlZXAgMgoJCUFUVEFDSF9TVEFUVVM9JChvY2kgY29tcHV0ZSB2b2x1bWUtYXR0YWNobWVudCBsaXN0IC0tdm9sdW1lLWlkICRCTE9DS19WT0xVTUVfT0NJRCAtLWNvbXBhcnRtZW50LWlkICRDT01QQVJUTUVOVF9PQ0lEIHwganEgLXIgJy5kYXRhIHwgc29ydF9ieSguInRpbWUtY3JlYXRlZCIpIHwgbGFzdCB8IC4ibGlmZWN5Y2xlLXN0YXRlIicpCgkJZWNobyAiQmxvY2sgdm9sdW1lICRCTE9DS19WT0xVTUVfT0NJRCBpcyBpbiBzdGF0ZSAkQVRUQUNIX1NUQVRVUy4uLiIKCWRvbmUKCWVjaG8gIkJsb2NrIHZvbHVtZSAkQkxPQ0tfVk9MVU1FX09DSUQgYXR0YWNoZWQgdG8gaW5zdGFuY2UiCmVsc2UKCSMgdGhlIHZvbHVtZSBpcyBhdHRhY2hlZCBhbHJlYWR5IHRvIGFub3RoZXIgaW5zdGFuY2UKCWVjaG8gIlRoZSB2b2x1bWUgJEJMT0NLX1ZPTFVNRV9PQ0lEIGluIHN0YXRlICRTVEFURSBpcyBhbHJlYWR5IGF0dGFjaGVkIHRvIGFub3RoZXIgaW5zdGFuY2UgJEFUVEFDSEVEX0lOU1RBTkNFLiBFeGl0aW5nLiIKCWV4aXQgMQpmaQoKbHMgLWxhIC9kZXYvc2QqCgppZiBbWyAkKGxzYmxrIC1mIHwgZ3JlcCAic2RiMSIgfCBncmVwICJleHQ0IikgIT0gIiIgXV07IHRoZW4KCWVjaG8gIlZvbHVtZSAkREVWIGFscmVhZHkgaGFzIGEgZmlsZXN5c3RlbSIKZWxzZQoJZWNobyAiQ3JlYXRpbmcgcGFydGl0aW9uIGFuZCBmaWxlc3lzdGVtIG9uICRERVYiCglwYXJ0ZWQgLS1zY3JpcHQgJERFViBta2xhYmVsIGdwdCBta3BhcnQgcHJpbWFyeSBleHQ0IDAlIDEwMCUKCXBhcnRwcm9iZSAkREVWCglta2ZzLmV4dDQgLUwgc3J2ICR7REVWfTEKZmkKCmlmIFtbIC1kIC9zcnYgXV07IHRoZW4KCWVjaG8gIi9zcnYgZXhpc3RzIgplbHNlCglta2RpciAvc3J2CgllY2hvICIvc3J2IGNyZWF0ZWQiCmZpCgpzZXQgK2UKZWNobyAiTW91bnRpbmcgJHtERVZ9MSBvbiAvc3J2Igptb3VudCAke0RFVn0xIC9zcnYKZWNobyAiJHtERVZ9MSBtb3VudGVkIGFuZCByZWFkeSIKCmVjaG8gIlJ1bm5pZyBPS0Ugc2NyaXB0IgpjdXJsIC0tZmFpbCAtSCAiQXV0aG9yaXphdGlvbjogQmVhcmVyIE9yYWNsZSIgLUwwIGh0dHA6Ly8xNjkuMjU0LjE2OS4yNTQvb3BjL3YyL2luc3RhbmNlL21ldGFkYXRhL29rZV9pbml0X3NjcmlwdCB8IGJhc2U2NCAtLWRlY29kZSA+L3Zhci9ydW4vb2tlLWluaXQuc2gKYmFzaCAvdmFyL3J1bi9va2UtaW5pdC5zaAo="},"node_pool_cycling_details":[],"node_shape":"VM.Standard.A2.Flex","node_shape_config":[{"memory_in_gbs":12,"ocpus":2}],"node_source":[{"image_id":"ocid1.image.oc1.iad.aaaaaaaa4nm7yrbhjnydbqe2e7loyw2b7bzgoiteqnzfeabagiyauivt4wwa","source_name":"Oracle-Linux-8.10-aarch64-2025.05.19-0-OKE-1.32.1-764","source_type":"IMAGE"}],"node_source_details":[{"boot_volume_size_in_gbs":"","image_id":"ocid1.image.oc1.iad.aaaaaaaa4nm7yrbhjnydbqe2e7loyw2b7bzgoiteqnzfeabagiyauivt4wwa","source_type":"IMAGE"}],"nodes":[{"availability_domain":"QtNY:US-ASHBURN-AD-1","defined_tags":{},"error":[],"fault_domain":"FAULT-DOMAIN-1","freeform_tags":{},"id":"ocid1.instance.oc1.iad.anuwcljsqmt665ice7wc5ir7bh4isgqnn5r63wywpyexl7w3qgshi4bscmea","kubernetes_version":"v1.32.1","lifecycle_details":"","name":"oke-cpxpuhnqova-ngc577bja7a-sv7bkiwh6zq-0","node_pool_id":"ocid1.nodepool.oc1.iad.aaaaaaaa7rmjtoqjzdlgan7pd2x3lfqyqftxaxc5ngnx2tr2vngc577bja7a","private_ip":"10.0.1.49","public_ip":"","state":"ACTIVE","subnet_id":"ocid1.subnet.oc1.iad.aaaaaaaa4qgw36xewnqhy6smvbpqhjq3eznmqp65ish67mttu7v7bkiwh6zq"}],"quantity_per_subnet":0,"ssh_public_key":"ssh-rsa AAAAB3NzaC1yc2EAAAADAQABAAABgQDFz9qg8aNah4nOyTbARZPEV2vGLlHRJ1SWcxteauENzZAytlOTRpGEPWGSwFfAhH45ljkZCo+URo06f/WiYgPx0uYjlMjU2HhEO0x5y9bS3q6zyCe1AoqKyZcYYTJkikK+hhBMN1JtWV9Z1VgG4fr9hepK8u+lkXDUpWZGW+C/q+T6pD/sHq24fA98q9x4N2CV1E3PcLgYime9w9nDxiAOOIWPPPKkiLkeyPznq2x98fE6PTlajbIcoP29NC3ZtwrWDvVbfN3Xp/hPzwdCr2KciLf2FlHu4zQ4ah3AJgC7WxFL4KFrImb5fq7xxuZStkj8hwEURroe5OFs6oAEZCymJilCLnRfmbs6p9s2D7NajEOTO+Mm+H3lpuAh6FF2o8CE69itmZFwRzFQBOw/E/6XAMC7damU3PPWkaK4HEhAsLUAThoVacq5rdZQSCJ3D+yeTckTIrlV+v/FMnVJk7/ZL4J3m0RDr+o7c17CqrkDI9FfWIVocHSRANEszZ4GOXk= steffanop@dell-xps-9320","state":"ACTIVE","subnet_ids":["ocid1.subnet.oc1.iad.aaaaaaaa4qgw36xewnqhy6smvbpqhjq3eznmqp65ish67mttu7v7bkiwh6zq"],"timeouts":null},"sensitive_attributes":[],"private":"eyJlMmJmYjczMC1lY2FhLTExZTYtOGY4OC0zNDM2M2JjN2M0YzAiOnsiY3JlYXRlIjozMDAwMDAwMDAwMDAwLCJkZWxldGUiOjMwMDAwMDAwMDAwMDAsInVwZGF0ZSI6MzAwMDAwMDAwMDAwMH19","dependencies":["module.vcn.data.oci_core_services.all_oci_services","module.vcn.oci_core_internet_gateway.ig","module.vcn.oci_core_local_peering_gateway.lpg","module.vcn.oci_core_nat_gateway.nat_gateway","module.vcn.oci_core_route_table.ig","module.vcn.oci_core_route_table.nat","module.vcn.oci_core_service_gateway.service_gateway","module.vcn.oci_core_vcn.vcn","oci_containerengine_cluster.k8s_cluster","oci_core_security_list.private_subnet_sl","oci_core_security_list.public_subnet_sl","oci_core_subnet.vcn_private_subnet","oci_core_subnet.vcn_public_subnet","oci_core_volume.arm_instance_volume","oci_identity_dynamic_group.k8s_instances","oci_identity_policy.k8s_instance_policy"]},{"index_key":1,"schema_version":0,"attributes":{"cluster_id":"ocid1.cluster.oc1.iad.aaaaaaaajt5diyihtrra7h6daw3i4d56gcvn6yhkcsnlbzxj4cpxpuhnqova","compartment_id":"ocid1.tenancy.oc1..aaaaaaaay6oqdhnshvb6ogypltd6srzsjjxozwzut6t5z3uuc3gpu45h2ysq","defined_tags":{"Oracle-Tags.CreatedBy":"default/steffanoxpereira@gmail.com","Oracle-Tags.CreatedOn":"2025-06-29T20:07:23.664Z"},"freeform_tags":{},"id":"ocid1.nodepool.oc1.iad.aaaaaaaaoispkl5axvozhmo4c2yvvgxa7nar75km5mbuh2xyvnqr4swsc2ia","initial_node_labels":[{"key":"name","value":"free-k8s-cluster-pool-1"}],"kubernetes_version":"v1.32.1","lifecycle_details":null,"name":"free-k8s-node-pool-1","node_config_details":[{"defined_tags":{},"freeform_tags":{"type":"k8s"},"is_pv_encryption_in_transit_enabled":false,"kms_key_id":"","node_pool_pod_network_option_details":[{"cni_type":"FLANNEL_OVERLAY","max_pods_per_node":0,"pod_nsg_ids":[],"pod_subnet_ids":[]}],"nsg_ids":[],"placement_configs":[{"availability_domain":"QtNY:US-ASHBURN-AD-2","capacity_reservation_id":"","fault_domains":[],"preemptible_node_config":[],"subnet_id":"ocid1.subnet.oc1.iad.aaaaaaaa4qgw36xewnqhy6smvbpqhjq3eznmqp65ish67mttu7v7bkiwh6zq"}],"size":1}],"node_eviction_node_pool_settings":[],"node_image_id":"ocid1.image.oc1.iad.aaaaaaaa4nm7yrbhjnydbqe2e7loyw2b7bzgoiteqnzfeabagiyauivt4wwa","node_image_name":"Oracle-Linux-8.10-aarch64-2025.05.19-0-OKE-1.32.1-764","node_metadata":{"user_data":"IyEvYmluL2Jhc2gKCmVjaG8gIkNoZWNraW5nIHRvb2xzIgp3aGljaCBvY2kgMj4mMSAxPi9kZXYvbnVsbAppZiBbWyAkPyAtZXEgMSBdXTsgdGhlbgoJZWNobyAiSW5zdGFsbGluZyB0b29scy4uLiIKCWRuZiBpbnN0YWxsIGpxIHB5dGhvbjM2LW9jaS1jbGkgLXlxCmVsc2UKCWVjaG8gIlRvb2xzIGZvdW5kLiIKZmkKCnNldCAtZQoKZXhwb3J0IE9DSV9DTElfQVVUSD1pbnN0YW5jZV9wcmluY2lwYWwKCkRFVj0iL2Rldi9zZGIiCklOU1RBTkNFX09DSUQ9JChjdXJsIC1zIC1IICJBdXRob3JpemF0aW9uOiBCZWFyZXIgT3JhY2xlIiAtTCBodHRwOi8vMTY5LjI1NC4xNjkuMjU0L29wYy92Mi9pbnN0YW5jZS8gfCBqcSAtciAnLmlkJykKQ09NUEFSVE1FTlRfT0NJRD0kKGN1cmwgLXMgLUggIkF1dGhvcml6YXRpb246IEJlYXJlciBPcmFjbGUiIC1MIGh0dHA6Ly8xNjkuMjU0LjE2OS4yNTQvb3BjL3YyL2luc3RhbmNlLyB8IGpxIC1yICcuY29tcGFydG1lbnRJZCcpCkFEPSQoY3VybCAtcyAtSCAiQXV0aG9yaXphdGlvbjogQmVhcmVyIE9yYWNsZSIgLUwgaHR0cDovLzE2OS4yNTQuMTY5LjI1NC9vcGMvdjIvaW5zdGFuY2UvIHwganEgLXIgJy5hdmFpbGFiaWxpdHlEb21haW4nKQoKIyBHZXQgdGhlIE9DSUQgb2YgdGhlIGJsb2NrIHZvbHVtZQpCTE9DS19WT0xVTUVfT0NJRD0kKG9jaSBidiB2b2x1bWUgbGlzdCAtLWNvbXBhcnRtZW50LWlkPSR7Q09NUEFSVE1FTlRfT0NJRH0gLS1saWZlY3ljbGUtc3RhdGUgQVZBSUxBQkxFIC0tYXZhaWxhYmlsaXR5LWRvbWFpbiAke0FEfSB8IGpxIC1yICcuZGF0YVswXS5pZCcpCmlmIFtbICRCTE9DS19WT0xVTUVfT0NJRCA9PSAiIiBdXTsgdGhlbgoJZWNobyAiQ2FuJ3QgZmluZCB2YWxpZCBibG9jayB2b2x1bWUuIEV4aXRpbmcuIgoJZXhpdCAxCmVsc2UKCWVjaG8gIkZvdW5kIGJsb2NrIHZvbHVtZSB0byBtb3VudDogJEJMT0NLX1ZPTFVNRV9PQ0lEIgpmaQoKIyBDaGVjayBpZiB0aGUgdm9sdW1lIGlzIGFscmVhZHkgYXR0YWNoZWQgdG8gdGhlIGluc3RhbmNlCmVjaG8gIkNoZWNraW5nIGN1cnJlbnQgdm9sdW1lIHN0YXRlLi4uIgpBVFRBQ0hFRF9JTlNUQU5DRT0kKG9jaSBjb21wdXRlIHZvbHVtZS1hdHRhY2htZW50IGxpc3QgLS12b2x1bWUtaWQgJEJMT0NLX1ZPTFVNRV9PQ0lEIC0tY29tcGFydG1lbnQtaWQgJENPTVBBUlRNRU5UX09DSUQgfCBqcSAtciAnLmRhdGEgfCBzb3J0X2J5KC4idGltZS1jcmVhdGVkIikgfCBsYXN0IHwgLiJpbnN0YW5jZS1pZCInKQpTVEFURT0kKG9jaSBjb21wdXRlIHZvbHVtZS1hdHRhY2htZW50IGxpc3QgLS12b2x1bWUtaWQgJEJMT0NLX1ZPTFVNRV9PQ0lEIC0tY29tcGFydG1lbnQtaWQgJENPTVBBUlRNRU5UX09DSUQgfCBqcSAtciAnLmRhdGEgfCBzb3J0X2J5KC4idGltZS1jcmVhdGVkIikgfCBsYXN0IHwgLiJsaWZlY3ljbGUtc3RhdGUiJykKaWYgW1sgIiRBVFRBQ0hFRF9JTlNUQU5DRSIgPT0gIiRJTlNUQU5DRV9PQ0lEIiAmJiAiJFNUQVRFIiA9PSAiQVRUQUNIRUQiIF1dOyB0aGVuCgllY2hvICJCbG9jayB2b2x1bWUgaXMgYWxyZWFkeSBhdHRhY2hlZCB0byB0aGUgY3VycmVudCBpbnN0YW5jZSIKZWxpZiBbWyAiJEFUVEFDSEVEX0lOU1RBTkNFIiA9PSAiIiB8fCAiJFNUQVRFIiA9PSAiREVUQUNIRUQiIF1dOyB0aGVuCgkjIFRoZSB2b2x1bWUgaXMgbm90IGF0dGFjaGVkLCBhdHRhY2ggaXQgdG8gdGhlIGluc3RhbmNlCgllY2hvICJCbG9jayB2b2x1bWUgJEJMT0NLX1ZPTFVNRV9PQ0lEIGlzIGluIHN0YXRlICRTVEFURSwgcmVxdWVzdGluZyBhdHRhY2htZW50Li4uIgoJb2NpIGNvbXB1dGUgdm9sdW1lLWF0dGFjaG1lbnQgYXR0YWNoIC0tdm9sdW1lLWlkICRCTE9DS19WT0xVTUVfT0NJRCAtLWluc3RhbmNlLWlkICRJTlNUQU5DRV9PQ0lEIC0tdHlwZSBwYXJhdmlydHVhbGl6ZWQKCgkjIFdhaXQgZm9yIHRoZSBhdHRhY2htZW50IHRvIGNvbXBsZXRlCglBVFRBQ0hfU1RBVFVTPSIiCgl3aGlsZSBbWyAiJEFUVEFDSF9TVEFUVVMiICE9ICJBVFRBQ0hFRCIgXV07IGRvCgkJc2xlZXAgMgoJCUFUVEFDSF9TVEFUVVM9JChvY2kgY29tcHV0ZSB2b2x1bWUtYXR0YWNobWVudCBsaXN0IC0tdm9sdW1lLWlkICRCTE9DS19WT0xVTUVfT0NJRCAtLWNvbXBhcnRtZW50LWlkICRDT01QQVJUTUVOVF9PQ0lEIHwganEgLXIgJy5kYXRhIHwgc29ydF9ieSguInRpbWUtY3JlYXRlZCIpIHwgbGFzdCB8IC4ibGlmZWN5Y2xlLXN0YXRlIicpCgkJZWNobyAiQmxvY2sgdm9sdW1lICRCTE9DS19WT0xVTUVfT0NJRCBpcyBpbiBzdGF0ZSAkQVRUQUNIX1NUQVRVUy4uLiIKCWRvbmUKCWVjaG8gIkJsb2NrIHZvbHVtZSAkQkxPQ0tfVk9MVU1FX09DSUQgYXR0YWNoZWQgdG8gaW5zdGFuY2UiCmVsc2UKCSMgdGhlIHZvbHVtZSBpcyBhdHRhY2hlZCBhbHJlYWR5IHRvIGFub3RoZXIgaW5zdGFuY2UKCWVjaG8gIlRoZSB2b2x1bWUgJEJMT0NLX1ZPTFVNRV9PQ0lEIGluIHN0YXRlICRTVEFURSBpcyBhbHJlYWR5IGF0dGFjaGVkIHRvIGFub3RoZXIgaW5zdGFuY2UgJEFUVEFDSEVEX0lOU1RBTkNFLiBFeGl0aW5nLiIKCWV4aXQgMQpmaQoKbHMgLWxhIC9kZXYvc2QqCgppZiBbWyAkKGxzYmxrIC1mIHwgZ3JlcCAic2RiMSIgfCBncmVwICJleHQ0IikgIT0gIiIgXV07IHRoZW4KCWVjaG8gIlZvbHVtZSAkREVWIGFscmVhZHkgaGFzIGEgZmlsZXN5c3RlbSIKZWxzZQoJZWNobyAiQ3JlYXRpbmcgcGFydGl0aW9uIGFuZCBmaWxlc3lzdGVtIG9uICRERVYiCglwYXJ0ZWQgLS1zY3JpcHQgJERFViBta2xhYmVsIGdwdCBta3BhcnQgcHJpbWFyeSBleHQ0IDAlIDEwMCUKCXBhcnRwcm9iZSAkREVWCglta2ZzLmV4dDQgLUwgc3J2ICR7REVWfTEKZmkKCmlmIFtbIC1kIC9zcnYgXV07IHRoZW4KCWVjaG8gIi9zcnYgZXhpc3RzIgplbHNlCglta2RpciAvc3J2CgllY2hvICIvc3J2IGNyZWF0ZWQiCmZpCgpzZXQgK2UKZWNobyAiTW91bnRpbmcgJHtERVZ9MSBvbiAvc3J2Igptb3VudCAke0RFVn0xIC9zcnYKZWNobyAiJHtERVZ9MSBtb3VudGVkIGFuZCByZWFkeSIKCmVjaG8gIlJ1bm5pZyBPS0Ugc2NyaXB0IgpjdXJsIC0tZmFpbCAtSCAiQXV0aG9yaXphdGlvbjogQmVhcmVyIE9yYWNsZSIgLUwwIGh0dHA6Ly8xNjkuMjU0LjE2OS4yNTQvb3BjL3YyL2luc3RhbmNlL21ldGFkYXRhL29rZV9pbml0X3NjcmlwdCB8IGJhc2U2NCAtLWRlY29kZSA+L3Zhci9ydW4vb2tlLWluaXQuc2gKYmFzaCAvdmFyL3J1bi9va2UtaW5pdC5zaAo="},"node_pool_cycling_details":[],"node_shape":"VM.Standard.A2.Flex","node_shape_config":[{"memory_in_gbs":12,"ocpus":2}],"node_source":[{"image_id":"ocid1.image.oc1.iad.aaaaaaaa4nm7yrbhjnydbqe2e7loyw2b7bzgoiteqnzfeabagiyauivt4wwa","source_name":"Oracle-Linux-8.10-aarch64-2025.05.19-0-OKE-1.32.1-764","source_type":"IMAGE"}],"node_source_details":[{"boot_volume_size_in_gbs":"","image_id":"ocid1.image.oc1.iad.aaaaaaaa4nm7yrbhjnydbqe2e7loyw2b7bzgoiteqnzfeabagiyauivt4wwa","source_type":"IMAGE"}],"nodes":[{"availability_domain":"QtNY:US-ASHBURN-AD-2","defined_tags":{},"error":[],"fault_domain":"FAULT-DOMAIN-1","freeform_tags":{},"id":"ocid1.instance.oc1.iad.anuwcljtqmt665ic5uhuffz2luarnplya66f77whp4pjfxpzrumcnotgbk3a","kubernetes_version":"v1.32.1","lifecycle_details":"","name":"oke-cpxpuhnqova-nqr4swsc2ia-sv7bkiwh6zq-0","node_pool_id":"ocid1.nodepool.oc1.iad.aaaaaaaaoispkl5axvozhmo4c2yvvgxa7nar75km5mbuh2xyvnqr4swsc2ia","private_ip":"10.0.1.55","public_ip":"","state":"ACTIVE","subnet_id":"ocid1.subnet.oc1.iad.aaaaaaaa4qgw36xewnqhy6smvbpqhjq3eznmqp65ish67mttu7v7bkiwh6zq"}],"quantity_per_subnet":0,"ssh_public_key":"ssh-rsa AAAAB3NzaC1yc2EAAAADAQABAAABgQDFz9qg8aNah4nOyTbARZPEV2vGLlHRJ1SWcxteauENzZAytlOTRpGEPWGSwFfAhH45ljkZCo+URo06f/WiYgPx0uYjlMjU2HhEO0x5y9bS3q6zyCe1AoqKyZcYYTJkikK+hhBMN1JtWV9Z1VgG4fr9hepK8u+lkXDUpWZGW+C/q+T6pD/sHq24fA98q9x4N2CV1E3PcLgYime9w9nDxiAOOIWPPPKkiLkeyPznq2x98fE6PTlajbIcoP29NC3ZtwrWDvVbfN3Xp/hPzwdCr2KciLf2FlHu4zQ4ah3AJgC7WxFL4KFrImb5fq7xxuZStkj8hwEURroe5OFs6oAEZCymJilCLnRfmbs6p9s2D7NajEOTO+Mm+H3lpuAh6FF2o8CE69itmZFwRzFQBOw/E/6XAMC7damU3PPWkaK4HEhAsLUAThoVacq5rdZQSCJ3D+yeTckTIrlV+v/FMnVJk7/ZL4J3m0RDr+o7c17CqrkDI9FfWIVocHSRANEszZ4GOXk= steffanop@dell-xps-9320","state":"ACTIVE","subnet_ids":["ocid1.subnet.oc1.iad.aaaaaaaa4qgw36xewnqhy6smvbpqhjq3eznmqp65ish67mttu7v7bkiwh6zq"],"timeouts":null},"sensitive_attributes":[],"private":"eyJlMmJmYjczMC1lY2FhLTExZTYtOGY4OC0zNDM2M2JjN2M0YzAiOnsiY3JlYXRlIjozMDAwMDAwMDAwMDAwLCJkZWxldGUiOjMwMDAwMDAwMDAwMDAsInVwZGF0ZSI6MzAwMDAwMDAwMDAwMH19","dependencies":["module.vcn.data.oci_core_services.all_oci_services","module.vcn.oci_core_internet_gateway.ig","module.vcn.oci_core_local_peering_gateway.lpg","module.vcn.oci_core_nat_gateway.nat_gateway","module.vcn.oci_core_route_table.ig","module.vcn.oci_core_route_table.nat","module.vcn.oci_core_service_gateway.service_gateway","module.vcn.oci_core_vcn.vcn","oci_containerengine_cluster.k8s_cluster","oci_core_security_list.private_subnet_sl","oci_core_security_list.public_subnet_sl","oci_core_subnet.vcn_private_subnet","oci_core_subnet.vcn_public_subnet","oci_core_volume.arm_instance_volume","oci_identity_dynamic_group.k8s_instances","oci_identity_policy.k8s_instance_policy"]}]},{"mode":"managed","type":"oci_core_security_list","name":"private_subnet_sl","provider":"provider[\"registry.opentofu.org/oracle/oci\"]","instances":[{"schema_version":0,"attributes":{"compartment_id":"ocid1.tenancy.oc1..aaaaaaaay6oqdhnshvb6ogypltd6srzsjjxozwzut6t5z3uuc3gpu45h2ysq","defined_tags":{"Oracle-Tags.CreatedBy":"default/steffanoxpereira@gmail.com","Oracle-Tags.CreatedOn":"2025-06-29T19:43:17.808Z"},"display_name":"free-k8s-private-subnet-sl","egress_security_rules":[{"description":"","destination":"0.0.0.0/0","destination_type":"CIDR_BLOCK","icmp_options":[],"protocol":"all","stateless":false,"tcp_options":[],"udp_options":[]}],"freeform_tags":{},"id":"ocid1.securitylist.oc1.iad.aaaaaaaacu7uncqw7qd2owyghtosdm7hpg6ojdk6ult3j3jm6hbhfx7bb5na","ingress_security_rules":[{"description":"","icmp_options":[],"protocol":"all","source":"10.0.0.0/16","source_type":"CIDR_BLOCK","stateless":false,"tcp_options":[],"udp_options":[]}],"state":"AVAILABLE","time_created":"2025-06-29 19:43:17.853 +0000 UTC","timeouts":null,"vcn_id":"ocid1.vcn.oc1.iad.amaaaaaaqmt665ia2mxy6ikjhhzqekxdwuxhig7ydr3gampdsukn7ixritpa"},"sensitive_attributes":[],"private":"eyJlMmJmYjczMC1lY2FhLTExZTYtOGY4OC0zNDM2M2JjN2M0YzAiOnsiY3JlYXRlIjoxMjAwMDAwMDAwMDAwLCJkZWxldGUiOjEyMDAwMDAwMDAwMDAsInVwZGF0ZSI6MTIwMDAwMDAwMDAwMH19","dependencies":["module.vcn.oci_core_vcn.vcn"]}]},{"mode":"managed","type":"oci_core_security_list","name":"public_subnet_sl","provider":"provider[\"registry.opentofu.org/oracle/oci\"]","instances":[{"schema_version":0,"attributes":{"compartment_id":"ocid1.tenancy.oc1..aaaaaaaay6oqdhnshvb6ogypltd6srzsjjxozwzut6t5z3uuc3gpu45h2ysq","defined_tags":{"Oracle-Tags.CreatedBy":"default/steffanoxpereira@gmail.com","Oracle-Tags.CreatedOn":"2025-06-29T19:43:17.812Z"},"display_name":"free-k8s-public-subnet-sl","egress_security_rules":[{"description":"","destination":"0.0.0.0/0","destination_type":"CIDR_BLOCK","icmp_options":[],"protocol":"all","stateless":false,"tcp_options":[],"udp_options":[]}],"freeform_tags":{},"id":"ocid1.securitylist.oc1.iad.aaaaaaaazx4hlscyoiscn5b744av4rbdmt542lawhpsgmhwdtq7thau6loxa","ingress_security_rules":[{"description":"","icmp_options":[],"protocol":"17","source":"0.0.0.0/0","source_type":"CIDR_BLOCK","stateless":false,"tcp_options":[],"udp_options":[{"max":30111,"min":30111,"source_port_range":[]}]},{"description":"","icmp_options":[],"protocol":"6","source":"0.0.0.0/0","source_type":"CIDR_BLOCK","stateless":false,"tcp_options":[{"max":443,"min":443,"source_port_range":[]}],"udp_options":[]},{"description":"","icmp_options":[],"protocol":"6","source":"0.0.0.0/0","source_type":"CIDR_BLOCK","stateless":false,"tcp_options":[{"max":6443,"min":6443,"source_port_range":[]}],"udp_options":[]},{"description":"","icmp_options":[],"protocol":"6","source":"0.0.0.0/0","source_type":"CIDR_BLOCK","stateless":false,"tcp_options":[{"max":80,"min":80,"source_port_range":[]}],"udp_options":[]},{"description":"","icmp_options":[],"protocol":"all","source":"10.0.0.0/16","source_type":"CIDR_BLOCK","stateless":false,"tcp_options":[],"udp_options":[]}],"state":"AVAILABLE","time_created":"2025-06-29 19:43:17.861 +0000 UTC","timeouts":null,"vcn_id":"ocid1.vcn.oc1.iad.amaaaaaaqmt665ia2mxy6ikjhhzqekxdwuxhig7ydr3gampdsukn7ixritpa"},"sensitive_attributes":[],"private":"eyJlMmJmYjczMC1lY2FhLTExZTYtOGY4OC0zNDM2M2JjN2M0YzAiOnsiY3JlYXRlIjoxMjAwMDAwMDAwMDAwLCJkZWxldGUiOjEyMDAwMDAwMDAwMDAsInVwZGF0ZSI6MTIwMDAwMDAwMDAwMH19","dependencies":["module.vcn.oci_core_vcn.vcn"]}]},{"mode":"managed","type":"oci_core_subnet","name":"vcn_private_subnet","provider":"provider[\"registry.opentofu.org/oracle/oci\"]","instances":[{"schema_version":0,"attributes":{"availability_domain":null,"cidr_block":"10.0.1.0/24","compartment_id":"ocid1.tenancy.oc1..aaaaaaaay6oqdhnshvb6ogypltd6srzsjjxozwzut6t5z3uuc3gpu45h2ysq","defined_tags":{"Oracle-Tags.CreatedBy":"default/steffanoxpereira@gmail.com","Oracle-Tags.CreatedOn":"2025-06-29T19:43:22.392Z"},"dhcp_options_id":"ocid1.dhcpoptions.oc1.iad.aaaaaaaafkee3g2ivx4736hmkkextxrf3sslnoh6ucusibpkbkxuecg5mk4q","display_name":"free-k8s-private-subnet","dns_label":null,"freeform_tags":{},"id":"ocid1.subnet.oc1.iad.aaaaaaaa4qgw36xewnqhy6smvbpqhjq3eznmqp65ish67mttu7v7bkiwh6zq","ipv6cidr_block":null,"ipv6cidr_blocks":[],"ipv6virtual_router_ip":null,"prohibit_internet_ingress":true,"prohibit_public_ip_on_vnic":true,"route_table_id":"ocid1.routetable.oc1.iad.aaaaaaaavojhkyegggc35flzaan2bvdjuiagtuy2kai4o2dze5fsvmp4npjq","security_list_ids":["ocid1.securitylist.oc1.iad.aaaaaaaacu7uncqw7qd2owyghtosdm7hpg6ojdk6ult3j3jm6hbhfx7bb5na"],"state":"AVAILABLE","subnet_domain_name":null,"time_created":"2025-06-29 19:43:22.429 +0000 UTC","timeouts":null,"vcn_id":"ocid1.vcn.oc1.iad.amaaaaaaqmt665ia2mxy6ikjhhzqekxdwuxhig7ydr3gampdsukn7ixritpa","virtual_router_ip":"10.0.1.1","virtual_router_mac":"00:00:17:C4:31:B4"},"sensitive_attributes":[],"private":"eyJlMmJmYjczMC1lY2FhLTExZTYtOGY4OC0zNDM2M2JjN2M0YzAiOnsiY3JlYXRlIjoxMjAwMDAwMDAwMDAwLCJkZWxldGUiOjEyMDAwMDAwMDAwMDAsInVwZGF0ZSI6MTIwMDAwMDAwMDAwMH19","dependencies":["module.vcn.data.oci_core_services.all_oci_services","module.vcn.oci_core_local_peering_gateway.lpg","module.vcn.oci_core_nat_gateway.nat_gateway","module.vcn.oci_core_route_table.nat","module.vcn.oci_core_service_gateway.service_gateway","module.vcn.oci_core_vcn.vcn","oci_core_security_list.private_subnet_sl"]}]},{"mode":"managed","type":"oci_core_subnet","name":"vcn_public_subnet","provider":"provider[\"registry.opentofu.org/oracle/oci\"]","instances":[{"schema_version":0,"attributes":{"availability_domain":null,"cidr_block":"10.0.0.0/24","compartment_id":"ocid1.tenancy.oc1..aaaaaaaay6oqdhnshvb6ogypltd6srzsjjxozwzut6t5z3uuc3gpu45h2ysq","defined_tags":{"Oracle-Tags.CreatedBy":"default/steffanoxpereira@gmail.com","Oracle-Tags.CreatedOn":"2025-06-29T19:43:18.803Z"},"dhcp_options_id":"ocid1.dhcpoptions.oc1.iad.aaaaaaaafkee3g2ivx4736hmkkextxrf3sslnoh6ucusibpkbkxuecg5mk4q","display_name":"free-k8s-public-subnet","dns_label":null,"freeform_tags":{},"id":"ocid1.subnet.oc1.iad.aaaaaaaamgeyyssfn4wttoj5tzea3h2t4qmlush6afwfcvsoq2gctrjgw5fa","ipv6cidr_block":null,"ipv6cidr_blocks":[],"ipv6virtual_router_ip":null,"prohibit_internet_ingress":false,"prohibit_public_ip_on_vnic":false,"route_table_id":"ocid1.routetable.oc1.iad.aaaaaaaa2fcobdwmm5inxjmo3p4xa26cdgkcn2jcb2oxibbdnmsvczxyfseq","security_list_ids":["ocid1.securitylist.oc1.iad.aaaaaaaazx4hlscyoiscn5b744av4rbdmt542lawhpsgmhwdtq7thau6loxa"],"state":"AVAILABLE","subnet_domain_name":null,"time_created":"2025-06-29 19:43:18.845 +0000 UTC","timeouts":null,"vcn_id":"ocid1.vcn.oc1.iad.amaaaaaaqmt665ia2mxy6ikjhhzqekxdwuxhig7ydr3gampdsukn7ixritpa","virtual_router_ip":"10.0.0.1","virtual_router_mac":"00:00:17:C4:31:B4"},"sensitive_attributes":[],"private":"eyJlMmJmYjczMC1lY2FhLTExZTYtOGY4OC0zNDM2M2JjN2M0YzAiOnsiY3JlYXRlIjoxMjAwMDAwMDAwMDAwLCJkZWxldGUiOjEyMDAwMDAwMDAwMDAsInVwZGF0ZSI6MTIwMDAwMDAwMDAwMH19","dependencies":["module.vcn.oci_core_internet_gateway.ig","module.vcn.oci_core_local_peering_gateway.lpg","module.vcn.oci_core_route_table.ig","module.vcn.oci_core_vcn.vcn","oci_core_security_list.public_subnet_sl"]}]},{"mode":"managed","type":"oci_core_volume","name":"arm_instance_volume","provider":"provider[\"registry.opentofu.org/oracle/oci\"]","instances":[{"index_key":0,"schema_version":0,"attributes":{"auto_tuned_vpus_per_gb":null,"autotune_policies":[],"availability_domain":"QtNY:US-ASHBURN-AD-1","backup_policy_id":null,"block_volume_replicas":[],"block_volume_replicas_deletion":null,"cluster_placement_group_id":null,"compartment_id":"ocid1.tenancy.oc1..aaaaaaaay6oqdhnshvb6ogypltd6srzsjjxozwzut6t5z3uuc3gpu45h2ysq","defined_tags":{"Oracle-Tags.CreatedBy":"default/steffanoxpereira@gmail.com","Oracle-Tags.CreatedOn":"2025-06-29T20:00:30.150Z"},"display_name":"abuwcljsfvq3iazpi5bhar4c2z7zdu7oi5jxbpwryvmu4r2awhn27dp53maa","freeform_tags":{"free-k8s-index":"0"},"id":"ocid1.volume.oc1.iad.abuwcljsfvq3iazpi5bhar4c2z7zdu7oi5jxbpwryvmu4r2awhn27dp53maa","is_auto_tune_enabled":false,"is_hydrated":true,"is_reservations_enabled":false,"kms_key_id":null,"size_in_gbs":"50","size_in_mbs":"51200","source_details":[],"state":"AVAILABLE","system_tags":{"orcl-cloud.free-tier-retained":"true"},"time_created":"2025-06-29 20:00:30.16 +0000 UTC","timeouts":null,"volume_backup_id":null,"volume_group_id":null,"vpus_per_gb":"10","xrc_kms_key_id":null},"sensitive_attributes":[],"private":"eyJlMmJmYjczMC1lY2FhLTExZTYtOGY4OC0zNDM2M2JjN2M0YzAiOnsiY3JlYXRlIjoxMjAwMDAwMDAwMDAwLCJkZWxldGUiOjEyMDAwMDAwMDAwMDAsInVwZGF0ZSI6MTIwMDAwMDAwMDAwMH19"},{"index_key":1,"schema_version":0,"attributes":{"auto_tuned_vpus_per_gb":null,"autotune_policies":[],"availability_domain":"QtNY:US-ASHBURN-AD-2","backup_policy_id":null,"block_volume_replicas":[],"block_volume_replicas_deletion":null,"cluster_placement_group_id":null,"compartment_id":"ocid1.tenancy.oc1..aaaaaaaay6oqdhnshvb6ogypltd6srzsjjxozwzut6t5z3uuc3gpu45h2ysq","defined_tags":{"Oracle-Tags.CreatedBy":"default/steffanoxpereira@gmail.com","Oracle-Tags.CreatedOn":"2025-06-29T20:00:30.103Z"},"display_name":"abuwcljtty4ynfyqj55mjyjaih2znr4cqi3gi3vsckr4dmvrqwasj2tg4ekq","freeform_tags":{"free-k8s-index":"1"},"id":"ocid1.volume.oc1.iad.abuwcljtty4ynfyqj55mjyjaih2znr4cqi3gi3vsckr4dmvrqwasj2tg4ekq","is_auto_tune_enabled":false,"is_hydrated":true,"is_reservations_enabled":false,"kms_key_id":null,"size_in_gbs":"50","size_in_mbs":"51200","source_details":[],"state":"AVAILABLE","system_tags":{"orcl-cloud.free-tier-retained":"true"},"time_created":"2025-06-29 20:00:30.111 +0000 UTC","timeouts":null,"volume_backup_id":null,"volume_group_id":null,"vpus_per_gb":"10","xrc_kms_key_id":null},"sensitive_attributes":[],"private":"eyJlMmJmYjczMC1lY2FhLTExZTYtOGY4OC0zNDM2M2JjN2M0YzAiOnsiY3JlYXRlIjoxMjAwMDAwMDAwMDAwLCJkZWxldGUiOjEyMDAwMDAwMDAwMDAsInVwZGF0ZSI6MTIwMDAwMDAwMDAwMH19"}]},{"mode":"managed","type":"oci_identity_dynamic_group","name":"k8s_instances","provider":"provider[\"registry.opentofu.org/oracle/oci\"]","instances":[{"schema_version":0,"attributes":{"compartment_id":"ocid1.tenancy.oc1..aaaaaaaay6oqdhnshvb6ogypltd6srzsjjxozwzut6t5z3uuc3gpu45h2ysq","defined_tags":{"Oracle-Tags.CreatedBy":"default/steffanoxpereira@gmail.com","Oracle-Tags.CreatedOn":"2025-06-29T19:43:16.663Z"},"description":"k8s instances","freeform_tags":{"Type":"k8s"},"id":"ocid1.dynamicgroup.oc1..aaaaaaaakj5qaly3qq4rekgusp34uc4geofjywrrtciccp3cojvwbqmsxita","inactive_state":null,"matching_rule":"instance.compartment.id = ocid1.tenancy.oc1..aaaaaaaay6oqdhnshvb6ogypltd6srzsjjxozwzut6t5z3uuc3gpu45h2ysq","name":"k8s_instances","state":"ACTIVE","time_created":"2025-06-29 19:43:16.757 +0000 UTC","timeouts":null},"sensitive_attributes":[],"private":"eyJlMmJmYjczMC1lY2FhLTExZTYtOGY4OC0zNDM2M2JjN2M0YzAiOnsiY3JlYXRlIjoxMjAwMDAwMDAwMDAwLCJkZWxldGUiOjEyMDAwMDAwMDAwMDAsInVwZGF0ZSI6MTIwMDAwMDAwMDAwMH19"}]},{"mode":"managed","type":"oci_identity_policy","name":"k8s_instance_policy","provider":"provider[\"registry.opentofu.org/oracle/oci\"]","instances":[{"schema_version":0,"attributes":{"ETag":"fd7e0d3f217769e15d25463385818ed74904af1e","compartment_id":"ocid1.tenancy.oc1..aaaaaaaay6oqdhnshvb6ogypltd6srzsjjxozwzut6t5z3uuc3gpu45h2ysq","defined_tags":{"Oracle-Tags.CreatedBy":"default/steffanoxpereira@gmail.com","Oracle-Tags.CreatedOn":"2025-06-29T19:43:17.496Z"},"description":"allow k8s instances to mount disks","freeform_tags":{},"id":"ocid1.policy.oc1..aaaaaaaar4t753eleo2xq6bunks3ru2jh7ntfwpbka4mfhmhexq7ilt6pbyq","inactive_state":null,"lastUpdateETag":"fd7e0d3f217769e15d25463385818ed74904af1e","name":"k8s_allow_disks","policyHash":"f752f5dd9bf88762ce812448f9c8f090","state":"ACTIVE","statements":["Allow dynamic-group k8s_instances to use instance-family in tenancy","Allow dynamic-group k8s_instances to use volumes in tenancy","Allow dynamic-group k8s_instances to manage volume-attachments in tenancy"],"time_created":"2025-06-29 19:43:17.513 +0000 UTC","timeouts":null,"version_date":null},"sensitive_attributes":[],"private":"eyJlMmJmYjczMC1lY2FhLTExZTYtOGY4OC0zNDM2M2JjN2M0YzAiOnsiY3JlYXRlIjoxMjAwMDAwMDAwMDAwLCJkZWxldGUiOjEyMDAwMDAwMDAwMDAsInVwZGF0ZSI6MTIwMDAwMDAwMDAwMH19","dependencies":["oci_identity_dynamic_group.k8s_instances"]}]},{"module":"module.vcn","mode":"data","type":"oci_core_services","name":"all_oci_services","provider":"provider[\"registry.opentofu.org/oracle/oci\"]","instances":[{"index_key":0,"schema_version":0,"attributes":{"filter":[{"name":"name","regex":true,"values":["All .* Services In Oracle Services Network"]}],"id":"CoreServicesDataSource-0","services":[{"cidr_block":"all-iad-services-in-oracle-services-network","description":"All IAD Services In Oracle Services Network","id":"ocid1.service.oc1.iad.aaaaaaaam4zfmy2rjue6fmglumm3czgisxzrnvrwqeodtztg7hwa272mlfna","name":"All IAD Services In Oracle Services Network"}]},"sensitive_attributes":[]}]},{"module":"module.vcn","mode":"managed","type":"oci_core_internet_gateway","name":"ig","provider":"provider[\"registry.opentofu.org/oracle/oci\"]","instances":[{"index_key":0,"schema_version":0,"attributes":{"compartment_id":"ocid1.tenancy.oc1..aaaaaaaay6oqdhnshvb6ogypltd6srzsjjxozwzut6t5z3uuc3gpu45h2ysq","defined_tags":{"Oracle-Tags.CreatedBy":"default/steffanoxpereira@gmail.com","Oracle-Tags.CreatedOn":"2025-06-29T19:43:17.402Z"},"display_name":"internet-gateway","enabled":true,"freeform_tags":{"module":"oracle-terraform-modules/vcn/oci","terraformed":"Please do not edit manually"},"id":"ocid1.internetgateway.oc1.iad.aaaaaaaanl25nclgfej2dskboznd5g5maitonuntqrsxamolxuzum25rmouq","route_table_id":null,"state":"AVAILABLE","time_created":"2025-06-29 19:43:17.48 +0000 UTC","timeouts":null,"vcn_id":"ocid1.vcn.oc1.iad.amaaaaaaqmt665ia2mxy6ikjhhzqekxdwuxhig7ydr3gampdsukn7ixritpa"},"sensitive_attributes":[],"private":"eyJlMmJmYjczMC1lY2FhLTExZTYtOGY4OC0zNDM2M2JjN2M0YzAiOnsiY3JlYXRlIjoxMjAwMDAwMDAwMDAwLCJkZWxldGUiOjEyMDAwMDAwMDAwMDAsInVwZGF0ZSI6MTIwMDAwMDAwMDAwMH19","dependencies":["module.vcn.oci_core_vcn.vcn"]}]},{"module":"module.vcn","mode":"managed","type":"oci_core_nat_gateway","name":"nat_gateway","provider":"provider[\"registry.opentofu.org/oracle/oci\"]","instances":[{"index_key":0,"schema_version":0,"attributes":{"block_traffic":false,"compartment_id":"ocid1.tenancy.oc1..aaaaaaaay6oqdhnshvb6ogypltd6srzsjjxozwzut6t5z3uuc3gpu45h2ysq","defined_tags":{"Oracle-Tags.CreatedBy":"default/steffanoxpereira@gmail.com","Oracle-Tags.CreatedOn":"2025-06-29T19:43:17.879Z"},"display_name":"nat-gateway","freeform_tags":{"module":"oracle-terraform-modules/vcn/oci","terraformed":"Please do not edit manually"},"id":"ocid1.natgateway.oc1.iad.aaaaaaaajenfdpdvson6kdtqvm35xpi3dou7wmv54bgh6foqmet5das6obha","nat_ip":"129.80.237.224","public_ip_id":"ocid1.publicip.oc1.iad.aaaaaaaaf32jy5f75f25j2224mre2f76gx5hpfucsrw5mwlpn4hpy3auxw2q","route_table_id":null,"state":"AVAILABLE","time_created":"2025-06-29 19:43:18.131 +0000 UTC","timeouts":null,"vcn_id":"ocid1.vcn.oc1.iad.amaaaaaaqmt665ia2mxy6ikjhhzqekxdwuxhig7ydr3gampdsukn7ixritpa"},"sensitive_attributes":[],"private":"eyJlMmJmYjczMC1lY2FhLTExZTYtOGY4OC0zNDM2M2JjN2M0YzAiOnsiY3JlYXRlIjoxMjAwMDAwMDAwMDAwLCJkZWxldGUiOjEyMDAwMDAwMDAwMDAsInVwZGF0ZSI6MTIwMDAwMDAwMDAwMH19","dependencies":["module.vcn.oci_core_vcn.vcn"]}]},{"module":"module.vcn","mode":"managed","type":"oci_core_route_table","name":"ig","provider":"provider[\"registry.opentofu.org/oracle/oci\"]","instances":[{"index_key":0,"schema_version":0,"attributes":{"compartment_id":"ocid1.tenancy.oc1..aaaaaaaay6oqdhnshvb6ogypltd6srzsjjxozwzut6t5z3uuc3gpu45h2ysq","defined_tags":{"Oracle-Tags.CreatedBy":"default/steffanoxpereira@gmail.com","Oracle-Tags.CreatedOn":"2025-06-29T19:43:18.178Z"},"display_name":"internet-route","freeform_tags":{"module":"oracle-terraform-modules/vcn/oci","terraformed":"Please do not edit manually"},"id":"ocid1.routetable.oc1.iad.aaaaaaaa2fcobdwmm5inxjmo3p4xa26cdgkcn2jcb2oxibbdnmsvczxyfseq","route_rules":[{"cidr_block":"","description":"Terraformed - Auto-generated at Internet Gateway creation: Internet Gateway as default gateway","destination":"0.0.0.0/0","destination_type":"CIDR_BLOCK","network_entity_id":"ocid1.internetgateway.oc1.iad.aaaaaaaanl25nclgfej2dskboznd5g5maitonuntqrsxamolxuzum25rmouq","route_type":""}],"state":"AVAILABLE","time_created":"2025-06-29 19:43:18.203 +0000 UTC","timeouts":null,"vcn_id":"ocid1.vcn.oc1.iad.amaaaaaaqmt665ia2mxy6ikjhhzqekxdwuxhig7ydr3gampdsukn7ixritpa"},"sensitive_attributes":[],"private":"eyJlMmJmYjczMC1lY2FhLTExZTYtOGY4OC0zNDM2M2JjN2M0YzAiOnsiY3JlYXRlIjoxMjAwMDAwMDAwMDAwLCJkZWxldGUiOjEyMDAwMDAwMDAwMDAsInVwZGF0ZSI6MTIwMDAwMDAwMDAwMH19","dependencies":["module.vcn.oci_core_internet_gateway.ig","module.vcn.oci_core_local_peering_gateway.lpg","module.vcn.oci_core_vcn.vcn"]}]},{"module":"module.vcn","mode":"managed","type":"oci_core_route_table","name":"nat","provider":"provider[\"registry.opentofu.org/oracle/oci\"]","instances":[{"index_key":0,"schema_version":0,"attributes":{"compartment_id":"ocid1.tenancy.oc1..aaaaaaaay6oqdhnshvb6ogypltd6srzsjjxozwzut6t5z3uuc3gpu45h2ysq","defined_tags":{"Oracle-Tags.CreatedBy":"default/steffanoxpereira@gmail.com","Oracle-Tags.CreatedOn":"2025-06-29T19:43:21.745Z"},"display_name":"nat-route","freeform_tags":{"module":"oracle-terraform-modules/vcn/oci","terraformed":"Please do not edit manually"},"id":"ocid1.routetable.oc1.iad.aaaaaaaavojhkyegggc35flzaan2bvdjuiagtuy2kai4o2dze5fsvmp4npjq","route_rules":[{"cidr_block":"","description":"Terraformed - Auto-generated at NAT Gateway creation: NAT Gateway as default gateway","destination":"0.0.0.0/0","destination_type":"CIDR_BLOCK","network_entity_id":"ocid1.natgateway.oc1.iad.aaaaaaaajenfdpdvson6kdtqvm35xpi3dou7wmv54bgh6foqmet5das6obha","route_type":""},{"cidr_block":"","description":"Terraformed - Auto-generated at Service Gateway creation: All Services in region to Service Gateway","destination":"all-iad-services-in-oracle-services-network","destination_type":"SERVICE_CIDR_BLOCK","network_entity_id":"ocid1.servicegateway.oc1.iad.aaaaaaaam2ru5jso3adsm3r6mw4u6ty5kpk6azpttyn5tqzshnazupedetvq","route_type":""}],"state":"AVAILABLE","time_created":"2025-06-29 19:43:21.784 +0000 UTC","timeouts":null,"vcn_id":"ocid1.vcn.oc1.iad.amaaaaaaqmt665ia2mxy6ikjhhzqekxdwuxhig7ydr3gampdsukn7ixritpa"},"sensitive_attributes":[],"private":"eyJlMmJmYjczMC1lY2FhLTExZTYtOGY4OC0zNDM2M2JjN2M0YzAiOnsiY3JlYXRlIjoxMjAwMDAwMDAwMDAwLCJkZWxldGUiOjEyMDAwMDAwMDAwMDAsInVwZGF0ZSI6MTIwMDAwMDAwMDAwMH19","dependencies":["module.vcn.data.oci_core_services.all_oci_services","module.vcn.oci_core_local_peering_gateway.lpg","module.vcn.oci_core_nat_gateway.nat_gateway","module.vcn.oci_core_service_gateway.service_gateway","module.vcn.oci_core_vcn.vcn"]}]},{"module":"module.vcn","mode":"managed","type":"oci_core_service_gateway","name":"service_gateway","provider":"provider[\"registry.opentofu.org/oracle/oci\"]","instances":[{"index_key":0,"schema_version":0,"attributes":{"block_traffic":false,"compartment_id":"ocid1.tenancy.oc1..aaaaaaaay6oqdhnshvb6ogypltd6srzsjjxozwzut6t5z3uuc3gpu45h2ysq","defined_tags":{"Oracle-Tags.CreatedBy":"default/steffanoxpereira@gmail.com","Oracle-Tags.CreatedOn":"2025-06-29T19:43:17.383Z"},"display_name":"service-gateway","freeform_tags":{"module":"oracle-terraform-modules/vcn/oci","terraformed":"Please do not edit manually"},"id":"ocid1.servicegateway.oc1.iad.aaaaaaaam2ru5jso3adsm3r6mw4u6ty5kpk6azpttyn5tqzshnazupedetvq","route_table_id":null,"services":[{"service_id":"ocid1.service.oc1.iad.aaaaaaaam4zfmy2rjue6fmglumm3czgisxzrnvrwqeodtztg7hwa272mlfna","service_name":"All IAD Services In Oracle Services Network"}],"state":"AVAILABLE","time_created":"2025-06-29 19:43:20.159 +0000 UTC","timeouts":null,"vcn_id":"ocid1.vcn.oc1.iad.amaaaaaaqmt665ia2mxy6ikjhhzqekxdwuxhig7ydr3gampdsukn7ixritpa"},"sensitive_attributes":[],"private":"eyJlMmJmYjczMC1lY2FhLTExZTYtOGY4OC0zNDM2M2JjN2M0YzAiOnsiY3JlYXRlIjoxMjAwMDAwMDAwMDAwLCJkZWxldGUiOjEyMDAwMDAwMDAwMDAsInVwZGF0ZSI6MTIwMDAwMDAwMDAwMH19","dependencies":["module.vcn.data.oci_core_services.all_oci_services","module.vcn.oci_core_vcn.vcn"]}]},{"module":"module.vcn","mode":"managed","type":"oci_core_vcn","name":"vcn","provider":"provider[\"registry.opentofu.org/oracle/oci\"]","instances":[{"schema_version":0,"attributes":{"byoipv6cidr_blocks":[],"byoipv6cidr_details":[],"cidr_block":"10.0.0.0/16","cidr_blocks":["10.0.0.0/16"],"compartment_id":"ocid1.tenancy.oc1..aaaaaaaay6oqdhnshvb6ogypltd6srzsjjxozwzut6t5z3uuc3gpu45h2ysq","default_dhcp_options_id":"ocid1.dhcpoptions.oc1.iad.aaaaaaaafkee3g2ivx4736hmkkextxrf3sslnoh6ucusibpkbkxuecg5mk4q","default_route_table_id":"ocid1.routetable.oc1.iad.aaaaaaaa6t5txzr7du4nz4ri5yvcwcz7vfl564v4jbushsrau72qo3ssxm4a","default_security_list_id":"ocid1.securitylist.oc1.iad.aaaaaaaapm45yzp3e724xxk6banyncmifyt5rxvgg25r64pmqf3msxa22mca","defined_tags":{"Oracle-Tags.CreatedBy":"default/steffanoxpereira@gmail.com","Oracle-Tags.CreatedOn":"2025-06-29T19:43:16.491Z"},"display_name":"free-k8s-vcn","dns_label":"freek8svcn","freeform_tags":{"module":"oracle-terraform-modules/vcn/oci","terraformed":"Please do not edit manually"},"id":"ocid1.vcn.oc1.iad.amaaaaaaqmt665ia2mxy6ikjhhzqekxdwuxhig7ydr3gampdsukn7ixritpa","ipv6cidr_blocks":[],"ipv6private_cidr_blocks":[],"is_ipv6enabled":false,"is_oracle_gua_allocation_enabled":null,"security_attributes":{},"state":"AVAILABLE","time_created":"2025-06-29 19:43:16.572 +0000 UTC","timeouts":null,"vcn_domain_name":"freek8svcn.oraclevcn.com"},"sensitive_attributes":[],"private":"eyJlMmJmYjczMC1lY2FhLTExZTYtOGY4OC0zNDM2M2JjN2M0YzAiOnsiY3JlYXRlIjoxMjAwMDAwMDAwMDAwLCJkZWxldGUiOjEyMDAwMDAwMDAwMDAsInVwZGF0ZSI6MTIwMDAwMDAwMDAwMH19"}]}],"check_results":[{"object_kind":"var","config_addr":"module.vcn.var.nat_gateway_display_name","status":"pass","objects":[{"object_addr":"module.vcn.var.nat_gateway_display_name","status":"pass"}]},{"object_kind":"var","config_addr":"module.vcn.var.service_gateway_display_name","status":"pass","objects":[{"object_addr":"module.vcn.var.service_gateway_display_name","status":"pass"}]},{"object_kind":"var","config_addr":"module.vcn.var.vcn_dns_label","status":"pass","objects":[{"object_addr":"module.vcn.var.vcn_dns_label","status":"pass"}]},{"object_kind":"var","config_addr":"module.vcn.var.vcn_name","status":"pass","objects":[{"object_addr":"module.vcn.var.vcn_name","status":"pass"}]},{"object_kind":"var","config_addr":"module.vcn.var.internet_gateway_display_name","status":"pass","objects":[{"object_addr":"module.vcn.var.internet_gateway_display_name","status":"pass"}]}]}
